
Microsoft Visual Studio Solution File, Format Version 12.00
# Visual Studio Version 17
VisualStudioVersion = 17.0.31903.59
MinimumVisualStudioVersion = 10.0.40219.1
Project("{2150E333-8FDC-42A3-9474-1A3956D46DE8}") = "src", "src", "{827E0CD3-B72D-47B6-A68D-7590B98EB39B}"
EndProject
Project("{FAE04EC0-301F-11D3-BF4B-00C04F79EFBC}") = "DO.OneAccess.Domain", "src\DO.OneAccess.Domain\DO.OneAccess.Domain.csproj", "{A6B2CD66-96AD-4723-A94D-3D79BF923473}"
EndProject
Project("{FAE04EC0-301F-11D3-BF4B-00C04F79EFBC}") = "DO.OneAccess.Application", "src\DO.OneAccess.Application\DO.OneAccess.Application.csproj", "{69D8F0E8-907B-42C6-A324-E741FF21A6C3}"
EndProject
Project("{FAE04EC0-301F-11D3-BF4B-00C04F79EFBC}") = "DO.OneAccess.Infrastructure", "src\DO.OneAccess.Infrastructure\DO.OneAccess.Infrastructure.csproj", "{3CE5B15B-6417-46D8-B474-3442A4C0EDEA}"
EndProject
Project("{FAE04EC0-301F-11D3-BF4B-00C04F79EFBC}") = "DO.OneAccess.Server", "src\DO.OneAccess.Server\DO.OneAccess.Server.csproj", "{6861EDF8-5528-4899-9D92-D3847CFE9958}"
EndProject
Project("{FAE04EC0-301F-11D3-BF4B-00C04F79EFBC}") = "DO.OneAccess.Client", "src\DO.OneAccess.Client\DO.OneAccess.Client.csproj", "{6F0E416C-FDD4-47FF-880B-DF7E0AF0A2CE}"
EndProject
Project("{2150E333-8FDC-42A3-9474-1A3956D46DE8}") = "tests", "tests", "{0AB3BF05-4346-4AA6-1389-037BE0695223}"
EndProject
Project("{FAE04EC0-301F-11D3-BF4B-00C04F79EFBC}") = "DO.OneAccess.UnitTests", "tests\DO.OneAccess.UnitTests\DO.OneAccess.UnitTests.csproj", "{9F6C78CF-C6A8-4EBB-85AB-9C5197E10809}"
EndProject
Project("{FAE04EC0-301F-11D3-BF4B-00C04F79EFBC}") = "DO.OneAccess.IntegrationTests", "tests\DO.OneAccess.IntegrationTests\DO.OneAccess.IntegrationTests.csproj", "{E90F6E9A-5008-4ACE-A6CC-0C1F98B5E99A}"
EndProject
Global
	GlobalSection(SolutionConfigurationPlatforms) = preSolution
		Debug|Any CPU = Debug|Any CPU
		Debug|x64 = Debug|x64
		Debug|x86 = Debug|x86
		Release|Any CPU = Release|Any CPU
		Release|x64 = Release|x64
		Release|x86 = Release|x86
	EndGlobalSection
	GlobalSection(ProjectConfigurationPlatforms) = postSolution
		{A6B2CD66-96AD-4723-A94D-3D79BF923473}.Debug|Any CPU.ActiveCfg = Debug|Any CPU
		{A6B2CD66-96AD-4723-A94D-3D79BF923473}.Debug|Any CPU.Build.0 = Debug|Any CPU
		{A6B2CD66-96AD-4723-A94D-3D79BF923473}.Debug|x64.ActiveCfg = Debug|Any CPU
		{A6B2CD66-96AD-4723-A94D-3D79BF923473}.Debug|x64.Build.0 = Debug|Any CPU
		{A6B2CD66-96AD-4723-A94D-3D79BF923473}.Debug|x86.ActiveCfg = Debug|Any CPU
		{A6B2CD66-96AD-4723-A94D-3D79BF923473}.Debug|x86.Build.0 = Debug|Any CPU
		{A6B2CD66-96AD-4723-A94D-3D79BF923473}.Release|Any CPU.ActiveCfg = Release|Any CPU
		{A6B2CD66-96AD-4723-A94D-3D79BF923473}.Release|Any CPU.Build.0 = Release|Any CPU
		{A6B2CD66-96AD-4723-A94D-3D79BF923473}.Release|x64.ActiveCfg = Release|Any CPU
		{A6B2CD66-96AD-4723-A94D-3D79BF923473}.Release|x64.Build.0 = Release|Any CPU
		{A6B2CD66-96AD-4723-A94D-3D79BF923473}.Release|x86.ActiveCfg = Release|Any CPU
		{A6B2CD66-96AD-4723-A94D-3D79BF923473}.Release|x86.Build.0 = Release|Any CPU
		{69D8F0E8-907B-42C6-A324-E741FF21A6C3}.Debug|Any CPU.ActiveCfg = Debug|Any CPU
		{69D8F0E8-907B-42C6-A324-E741FF21A6C3}.Debug|Any CPU.Build.0 = Debug|Any CPU
		{69D8F0E8-907B-42C6-A324-E741FF21A6C3}.Debug|x64.ActiveCfg = Debug|Any CPU
		{69D8F0E8-907B-42C6-A324-E741FF21A6C3}.Debug|x64.Build.0 = Debug|Any CPU
		{69D8F0E8-907B-42C6-A324-E741FF21A6C3}.Debug|x86.ActiveCfg = Debug|Any CPU
		{69D8F0E8-907B-42C6-A324-E741FF21A6C3}.Debug|x86.Build.0 = Debug|Any CPU
		{69D8F0E8-907B-42C6-A324-E741FF21A6C3}.Release|Any CPU.ActiveCfg = Release|Any CPU
		{69D8F0E8-907B-42C6-A324-E741FF21A6C3}.Release|Any CPU.Build.0 = Release|Any CPU
		{69D8F0E8-907B-42C6-A324-E741FF21A6C3}.Release|x64.ActiveCfg = Release|Any CPU
		{69D8F0E8-907B-42C6-A324-E741FF21A6C3}.Release|x64.Build.0 = Release|Any CPU
		{69D8F0E8-907B-42C6-A324-E741FF21A6C3}.Release|x86.ActiveCfg = Release|Any CPU
		{69D8F0E8-907B-42C6-A324-E741FF21A6C3}.Release|x86.Build.0 = Release|Any CPU
		{3CE5B15B-6417-46D8-B474-3442A4C0EDEA}.Debug|Any CPU.ActiveCfg = Debug|Any CPU
		{3CE5B15B-6417-46D8-B474-3442A4C0EDEA}.Debug|Any CPU.Build.0 = Debug|Any CPU
		{3CE5B15B-6417-46D8-B474-3442A4C0EDEA}.Debug|x64.ActiveCfg = Debug|Any CPU
		{3CE5B15B-6417-46D8-B474-3442A4C0EDEA}.Debug|x64.Build.0 = Debug|Any CPU
		{3CE5B15B-6417-46D8-B474-3442A4C0EDEA}.Debug|x86.ActiveCfg = Debug|Any CPU
		{3CE5B15B-6417-46D8-B474-3442A4C0EDEA}.Debug|x86.Build.0 = Debug|Any CPU
		{3CE5B15B-6417-46D8-B474-3442A4C0EDEA}.Release|Any CPU.ActiveCfg = Release|Any CPU
		{3CE5B15B-6417-46D8-B474-3442A4C0EDEA}.Release|Any CPU.Build.0 = Release|Any CPU
		{3CE5B15B-6417-46D8-B474-3442A4C0EDEA}.Release|x64.ActiveCfg = Release|Any CPU
		{3CE5B15B-6417-46D8-B474-3442A4C0EDEA}.Release|x64.Build.0 = Release|Any CPU
		{3CE5B15B-6417-46D8-B474-3442A4C0EDEA}.Release|x86.ActiveCfg = Release|Any CPU
		{3CE5B15B-6417-46D8-B474-3442A4C0EDEA}.Release|x86.Build.0 = Release|Any CPU
		{6861EDF8-5528-4899-9D92-D3847CFE9958}.Debug|Any CPU.ActiveCfg = Debug|Any CPU
		{6861EDF8-5528-4899-9D92-D3847CFE9958}.Debug|Any CPU.Build.0 = Debug|Any CPU
		{6861EDF8-5528-4899-9D92-D3847CFE9958}.Debug|x64.ActiveCfg = Debug|Any CPU
		{6861EDF8-5528-4899-9D92-D3847CFE9958}.Debug|x64.Build.0 = Debug|Any CPU
		{6861EDF8-5528-4899-9D92-D3847CFE9958}.Debug|x86.ActiveCfg = Debug|Any CPU
		{6861EDF8-5528-4899-9D92-D3847CFE9958}.Debug|x86.Build.0 = Debug|Any CPU
		{6861EDF8-5528-4899-9D92-D3847CFE9958}.Release|Any CPU.ActiveCfg = Release|Any CPU
		{6861EDF8-5528-4899-9D92-D3847CFE9958}.Release|Any CPU.Build.0 = Release|Any CPU
		{6861EDF8-5528-4899-9D92-D3847CFE9958}.Release|x64.ActiveCfg = Release|Any CPU
		{6861EDF8-5528-4899-9D92-D3847CFE9958}.Release|x64.Build.0 = Release|Any CPU
		{6861EDF8-5528-4899-9D92-D3847CFE9958}.Release|x86.ActiveCfg = Release|Any CPU
		{6861EDF8-5528-4899-9D92-D3847CFE9958}.Release|x86.Build.0 = Release|Any CPU
		{6F0E416C-FDD4-47FF-880B-DF7E0AF0A2CE}.Debug|Any CPU.ActiveCfg = Debug|Any CPU
		{6F0E416C-FDD4-47FF-880B-DF7E0AF0A2CE}.Debug|Any CPU.Build.0 = Debug|Any CPU
		{6F0E416C-FDD4-47FF-880B-DF7E0AF0A2CE}.Debug|x64.ActiveCfg = Debug|Any CPU
		{6F0E416C-FDD4-47FF-880B-DF7E0AF0A2CE}.Debug|x64.Build.0 = Debug|Any CPU
		{6F0E416C-FDD4-47FF-880B-DF7E0AF0A2CE}.Debug|x86.ActiveCfg = Debug|Any CPU
		{6F0E416C-FDD4-47FF-880B-DF7E0AF0A2CE}.Debug|x86.Build.0 = Debug|Any CPU
		{6F0E416C-FDD4-47FF-880B-DF7E0AF0A2CE}.Release|Any CPU.ActiveCfg = Release|Any CPU
		{6F0E416C-FDD4-47FF-880B-DF7E0AF0A2CE}.Release|Any CPU.Build.0 = Release|Any CPU
		{6F0E416C-FDD4-47FF-880B-DF7E0AF0A2CE}.Release|x64.ActiveCfg = Release|Any CPU
		{6F0E416C-FDD4-47FF-880B-DF7E0AF0A2CE}.Release|x64.Build.0 = Release|Any CPU
		{6F0E416C-FDD4-47FF-880B-DF7E0AF0A2CE}.Release|x86.ActiveCfg = Release|Any CPU
		{6F0E416C-FDD4-47FF-880B-DF7E0AF0A2CE}.Release|x86.Build.0 = Release|Any CPU
		{9F6C78CF-C6A8-4EBB-85AB-9C5197E10809}.Debug|Any CPU.ActiveCfg = Debug|Any CPU
		{9F6C78CF-C6A8-4EBB-85AB-9C5197E10809}.Debug|Any CPU.Build.0 = Debug|Any CPU
		{9F6C78CF-C6A8-4EBB-85AB-9C5197E10809}.Debug|x64.ActiveCfg = Debug|Any CPU
		{9F6C78CF-C6A8-4EBB-85AB-9C5197E10809}.Debug|x64.Build.0 = Debug|Any CPU
		{9F6C78CF-C6A8-4EBB-85AB-9C5197E10809}.Debug|x86.ActiveCfg = Debug|Any CPU
		{9F6C78CF-C6A8-4EBB-85AB-9C5197E10809}.Debug|x86.Build.0 = Debug|Any CPU
		{9F6C78CF-C6A8-4EBB-85AB-9C5197E10809}.Release|Any CPU.ActiveCfg = Release|Any CPU
		{9F6C78CF-C6A8-4EBB-85AB-9C5197E10809}.Release|Any CPU.Build.0 = Release|Any CPU
		{9F6C78CF-C6A8-4EBB-85AB-9C5197E10809}.Release|x64.ActiveCfg = Release|Any CPU
		{9F6C78CF-C6A8-4EBB-85AB-9C5197E10809}.Release|x64.Build.0 = Release|Any CPU
		{9F6C78CF-C6A8-4EBB-85AB-9C5197E10809}.Release|x86.ActiveCfg = Release|Any CPU
		{9F6C78CF-C6A8-4EBB-85AB-9C5197E10809}.Release|x86.Build.0 = Release|Any CPU
		{E90F6E9A-5008-4ACE-A6CC-0C1F98B5E99A}.Debug|Any CPU.ActiveCfg = Debug|Any CPU
		{E90F6E9A-5008-4ACE-A6CC-0C1F98B5E99A}.Debug|Any CPU.Build.0 = Debug|Any CPU
		{E90F6E9A-5008-4ACE-A6CC-0C1F98B5E99A}.Debug|x64.ActiveCfg = Debug|Any CPU
		{E90F6E9A-5008-4ACE-A6CC-0C1F98B5E99A}.Debug|x64.Build.0 = Debug|Any CPU
		{E90F6E9A-5008-4ACE-A6CC-0C1F98B5E99A}.Debug|x86.ActiveCfg = Debug|Any CPU
		{E90F6E9A-5008-4ACE-A6CC-0C1F98B5E99A}.Debug|x86.Build.0 = Debug|Any CPU
		{E90F6E9A-5008-4ACE-A6CC-0C1F98B5E99A}.Release|Any CPU.ActiveCfg = Release|Any CPU
		{E90F6E9A-5008-4ACE-A6CC-0C1F98B5E99A}.Release|Any CPU.Build.0 = Release|Any CPU
		{E90F6E9A-5008-4ACE-A6CC-0C1F98B5E99A}.Release|x64.ActiveCfg = Release|Any CPU
		{E90F6E9A-5008-4ACE-A6CC-0C1F98B5E99A}.Release|x64.Build.0 = Release|Any CPU
		{E90F6E9A-5008-4ACE-A6CC-0C1F98B5E99A}.Release|x86.ActiveCfg = Release|Any CPU
		{E90F6E9A-5008-4ACE-A6CC-0C1F98B5E99A}.Release|x86.Build.0 = Release|Any CPU
	EndGlobalSection
	GlobalSection(SolutionProperties) = preSolution
		HideSolutionNode = FALSE
	EndGlobalSection
	GlobalSection(NestedProjects) = preSolution
		{A6B2CD66-96AD-4723-A94D-3D79BF923473} = {827E0CD3-B72D-47B6-A68D-7590B98EB39B}
		{69D8F0E8-907B-42C6-A324-E741FF21A6C3} = {827E0CD3-B72D-47B6-A68D-7590B98EB39B}
		{3CE5B15B-6417-46D8-B474-3442A4C0EDEA} = {827E0CD3-B72D-47B6-A68D-7590B98EB39B}
		{6861EDF8-5528-4899-9D92-D3847CFE9958} = {827E0CD3-B72D-47B6-A68D-7590B98EB39B}
		{6F0E416C-FDD4-47FF-880B-DF7E0AF0A2CE} = {827E0CD3-B72D-47B6-A68D-7590B98EB39B}
		{9F6C78CF-C6A8-4EBB-85AB-9C5197E10809} = {0AB3BF05-4346-4AA6-1389-037BE0695223}
		{E90F6E9A-5008-4ACE-A6CC-0C1F98B5E99A} = {0AB3BF05-4346-4AA6-1389-037BE0695223}
	EndGlobalSection
EndGlobal
